// !$*UTF8*$!
{
	archiveVersion = 1;
	classes = {
	};
	objectVersion = 56;
	objects = {

/* Begin PBXBuildFile section */
		D62BF75F2C51385C0036E8DC /* GeomertyReaderView.swift in Sources */ = {isa = PBXBuildFile; fileRef = D62BF75E2C51385C0036E8DC /* GeomertyReaderView.swift */; };
		D62BF7622C54F44E0036E8DC /* DragGestureView.swift in Sources */ = {isa = PBXBuildFile; fileRef = D62BF7612C54F44E0036E8DC /* DragGestureView.swift */; };
		D6FD06B02C46798D00259765 /* TechnicalUIApp.swift in Sources */ = {isa = PBXBuildFile; fileRef = D6FD06AF2C46798D00259765 /* TechnicalUIApp.swift */; };
		D6FD06B22C46798D00259765 /* ContentView.swift in Sources */ = {isa = PBXBuildFile; fileRef = D6FD06B12C46798D00259765 /* ContentView.swift */; };
		D6FD06B42C46798F00259765 /* Assets.xcassets in Resources */ = {isa = PBXBuildFile; fileRef = D6FD06B32C46798F00259765 /* Assets.xcassets */; };
		D6FD06B72C46798F00259765 /* Preview Assets.xcassets in Resources */ = {isa = PBXBuildFile; fileRef = D6FD06B62C46798F00259765 /* Preview Assets.xcassets */; };
		D6FD06C12C46798F00259765 /* TechnicalUITests.swift in Sources */ = {isa = PBXBuildFile; fileRef = D6FD06C02C46798F00259765 /* TechnicalUITests.swift */; };
		D6FD06CB2C46798F00259765 /* TechnicalUIUITests.swift in Sources */ = {isa = PBXBuildFile; fileRef = D6FD06CA2C46798F00259765 /* TechnicalUIUITests.swift */; };
		D6FD06CD2C46798F00259765 /* TechnicalUIUITestsLaunchTests.swift in Sources */ = {isa = PBXBuildFile; fileRef = D6FD06CC2C46798F00259765 /* TechnicalUIUITestsLaunchTests.swift */; };
		D6FD06E02C46821400259765 /* View.swift in Sources */ = {isa = PBXBuildFile; fileRef = D6FD06DF2C46821400259765 /* View.swift */; };
		D6FD06E52C4685F600259765 /* ForEachView.swift in Sources */ = {isa = PBXBuildFile; fileRef = D6FD06E42C4685F600259765 /* ForEachView.swift */; };
/* End PBXBuildFile section */

/* Begin PBXContainerItemProxy section */
		D6FD06BD2C46798F00259765 /* PBXContainerItemProxy */ = {
			isa = PBXContainerItemProxy;
			containerPortal = D6FD06A42C46798D00259765 /* Project object */;
			proxyType = 1;
			remoteGlobalIDString = D6FD06AB2C46798D00259765;
			remoteInfo = TechnicalUI;
		};
		D6FD06C72C46798F00259765 /* PBXContainerItemProxy */ = {
			isa = PBXContainerItemProxy;
			containerPortal = D6FD06A42C46798D00259765 /* Project object */;
			proxyType = 1;
			remoteGlobalIDString = D6FD06AB2C46798D00259765;
			remoteInfo = TechnicalUI;
		};
/* End PBXContainerItemProxy section */

/* Begin PBXFileReference section */
		D62BF75E2C51385C0036E8DC /* GeomertyReaderView.swift */ = {isa = PBXFileReference; lastKnownFileType = sourcecode.swift; path = GeomertyReaderView.swift; sourceTree = "<group>"; };
		D62BF7612C54F44E0036E8DC /* DragGestureView.swift */ = {isa = PBXFileReference; lastKnownFileType = sourcecode.swift; path = DragGestureView.swift; sourceTree = "<group>"; };
		D6FD06AC2C46798D00259765 /* TechnicalUI.app */ = {isa = PBXFileReference; explicitFileType = wrapper.application; includeInIndex = 0; path = TechnicalUI.app; sourceTree = BUILT_PRODUCTS_DIR; };
		D6FD06AF2C46798D00259765 /* TechnicalUIApp.swift */ = {isa = PBXFileReference; lastKnownFileType = sourcecode.swift; path = TechnicalUIApp.swift; sourceTree = "<group>"; };
		D6FD06B12C46798D00259765 /* ContentView.swift */ = {isa = PBXFileReference; lastKnownFileType = sourcecode.swift; path = ContentView.swift; sourceTree = "<group>"; };
		D6FD06B32C46798F00259765 /* Assets.xcassets */ = {isa = PBXFileReference; lastKnownFileType = folder.assetcatalog; path = Assets.xcassets; sourceTree = "<group>"; };
		D6FD06B62C46798F00259765 /* Preview Assets.xcassets */ = {isa = PBXFileReference; lastKnownFileType = folder.assetcatalog; path = "Preview Assets.xcassets"; sourceTree = "<group>"; };
		D6FD06BC2C46798F00259765 /* TechnicalUITests.xctest */ = {isa = PBXFileReference; explicitFileType = wrapper.cfbundle; includeInIndex = 0; path = TechnicalUITests.xctest; sourceTree = BUILT_PRODUCTS_DIR; };
		D6FD06C02C46798F00259765 /* TechnicalUITests.swift */ = {isa = PBXFileReference; lastKnownFileType = sourcecode.swift; path = TechnicalUITests.swift; sourceTree = "<group>"; };
		D6FD06C62C46798F00259765 /* TechnicalUIUITests.xctest */ = {isa = PBXFileReference; explicitFileType = wrapper.cfbundle; includeInIndex = 0; path = TechnicalUIUITests.xctest; sourceTree = BUILT_PRODUCTS_DIR; };
		D6FD06CA2C46798F00259765 /* TechnicalUIUITests.swift */ = {isa = PBXFileReference; lastKnownFileType = sourcecode.swift; path = TechnicalUIUITests.swift; sourceTree = "<group>"; };
		D6FD06CC2C46798F00259765 /* TechnicalUIUITestsLaunchTests.swift */ = {isa = PBXFileReference; lastKnownFileType = sourcecode.swift; path = TechnicalUIUITestsLaunchTests.swift; sourceTree = "<group>"; };
		D6FD06DF2C46821400259765 /* View.swift */ = {isa = PBXFileReference; lastKnownFileType = sourcecode.swift; path = View.swift; sourceTree = "<group>"; };
		D6FD06E42C4685F600259765 /* ForEachView.swift */ = {isa = PBXFileReference; lastKnownFileType = sourcecode.swift; path = ForEachView.swift; sourceTree = "<group>"; };
/* End PBXFileReference section */

/* Begin PBXFrameworksBuildPhase section */
		D6FD06A92C46798D00259765 /* Frameworks */ = {
			isa = PBXFrameworksBuildPhase;
			buildActionMask = 2147483647;
			files = (
			);
			runOnlyForDeploymentPostprocessing = 0;
		};
		D6FD06B92C46798F00259765 /* Frameworks */ = {
			isa = PBXFrameworksBuildPhase;
			buildActionMask = 2147483647;
			files = (
			);
			runOnlyForDeploymentPostprocessing = 0;
		};
		D6FD06C32C46798F00259765 /* Frameworks */ = {
			isa = PBXFrameworksBuildPhase;
			buildActionMask = 2147483647;
			files = (
			);
			runOnlyForDeploymentPostprocessing = 0;
		};
/* End PBXFrameworksBuildPhase section */

/* Begin PBXGroup section */
		D62BF75D2C5138430036E8DC /* GeometryReader */ = {
			isa = PBXGroup;
			children = (
				D62BF75E2C51385C0036E8DC /* GeomertyReaderView.swift */,
			);
			path = GeometryReader;
			sourceTree = "<group>";
		};
		D62BF7602C54F4390036E8DC /* DragGesture */ = {
			isa = PBXGroup;
			children = (
				D62BF7612C54F44E0036E8DC /* DragGestureView.swift */,
			);
			path = DragGesture;
			sourceTree = "<group>";
		};
		D6FD06A32C46798D00259765 = {
			isa = PBXGroup;
			children = (
				D62BF7602C54F4390036E8DC /* DragGesture */,
				D62BF75D2C5138430036E8DC /* GeometryReader */,
				D6FD06E32C4685EB00259765 /* ForeEach */,
				D6FD06DE2C46820900259765 /* Extansion */,
				D6FD06AE2C46798D00259765 /* TechnicalUI */,
				D6FD06BF2C46798F00259765 /* TechnicalUITests */,
				D6FD06C92C46798F00259765 /* TechnicalUIUITests */,
				D6FD06AD2C46798D00259765 /* Products */,
			);
			sourceTree = "<group>";
		};
		D6FD06AD2C46798D00259765 /* Products */ = {
			isa = PBXGroup;
			children = (
				D6FD06AC2C46798D00259765 /* TechnicalUI.app */,
				D6FD06BC2C46798F00259765 /* TechnicalUITests.xctest */,
				D6FD06C62C46798F00259765 /* TechnicalUIUITests.xctest */,
			);
			name = Products;
			sourceTree = "<group>";
		};
		D6FD06AE2C46798D00259765 /* TechnicalUI */ = {
			isa = PBXGroup;
			children = (
				D6FD06AF2C46798D00259765 /* TechnicalUIApp.swift */,
				D6FD06B12C46798D00259765 /* ContentView.swift */,
				D6FD06B32C46798F00259765 /* Assets.xcassets */,
				D6FD06B52C46798F00259765 /* Preview Content */,
			);
			path = TechnicalUI;
			sourceTree = "<group>";
		};
		D6FD06B52C46798F00259765 /* Preview Content */ = {
			isa = PBXGroup;
			children = (
				D6FD06B62C46798F00259765 /* Preview Assets.xcassets */,
			);
			path = "Preview Content";
			sourceTree = "<group>";
		};
		D6FD06BF2C46798F00259765 /* TechnicalUITests */ = {
			isa = PBXGroup;
			children = (
				D6FD06C02C46798F00259765 /* TechnicalUITests.swift */,
			);
			path = TechnicalUITests;
			sourceTree = "<group>";
		};
		D6FD06C92C46798F00259765 /* TechnicalUIUITests */ = {
			isa = PBXGroup;
			children = (
				D6FD06CA2C46798F00259765 /* TechnicalUIUITests.swift */,
				D6FD06CC2C46798F00259765 /* TechnicalUIUITestsLaunchTests.swift */,
			);
			path = TechnicalUIUITests;
			sourceTree = "<group>";
		};
		D6FD06DE2C46820900259765 /* Extansion */ = {
			isa = PBXGroup;
			children = (
				D6FD06DF2C46821400259765 /* View.swift */,
			);
			path = Extansion;
			sourceTree = "<group>";
		};
		D6FD06E32C4685EB00259765 /* ForeEach */ = {
			isa = PBXGroup;
			children = (
				D6FD06E42C4685F600259765 /* ForEachView.swift */,
			);
			path = ForeEach;
			sourceTree = "<group>";
		};
/* End PBXGroup section */

/* Begin PBXNativeTarget section */
		D6FD06AB2C46798D00259765 /* TechnicalUI */ = {
			isa = PBXNativeTarget;
			buildConfigurationList = D6FD06D02C46798F00259765 /* Build configuration list for PBXNativeTarget "TechnicalUI" */;
			buildPhases = (
				D6FD06A82C46798D00259765 /* Sources */,
				D6FD06A92C46798D00259765 /* Frameworks */,
				D6FD06AA2C46798D00259765 /* Resources */,
			);
			buildRules = (
			);
			dependencies = (
			);
			name = TechnicalUI;
			productName = TechnicalUI;
			productReference = D6FD06AC2C46798D00259765 /* TechnicalUI.app */;
			productType = "com.apple.product-type.application";
		};
		D6FD06BB2C46798F00259765 /* TechnicalUITests */ = {
			isa = PBXNativeTarget;
			buildConfigurationList = D6FD06D32C46798F00259765 /* Build configuration list for PBXNativeTarget "TechnicalUITests" */;
			buildPhases = (
				D6FD06B82C46798F00259765 /* Sources */,
				D6FD06B92C46798F00259765 /* Frameworks */,
				D6FD06BA2C46798F00259765 /* Resources */,
			);
			buildRules = (
			);
			dependencies = (
				D6FD06BE2C46798F00259765 /* PBXTargetDependency */,
			);
			name = TechnicalUITests;
			productName = TechnicalUITests;
			productReference = D6FD06BC2C46798F00259765 /* TechnicalUITests.xctest */;
			productType = "com.apple.product-type.bundle.unit-test";
		};
		D6FD06C52C46798F00259765 /* TechnicalUIUITests */ = {
			isa = PBXNativeTarget;
			buildConfigurationList = D6FD06D62C46798F00259765 /* Build configuration list for PBXNativeTarget "TechnicalUIUITests" */;
			buildPhases = (
				D6FD06C22C46798F00259765 /* Sources */,
				D6FD06C32C46798F00259765 /* Frameworks */,
				D6FD06C42C46798F00259765 /* Resources */,
			);
			buildRules = (
			);
			dependencies = (
				D6FD06C82C46798F00259765 /* PBXTargetDependency */,
			);
			name = TechnicalUIUITests;
			productName = TechnicalUIUITests;
			productReference = D6FD06C62C46798F00259765 /* TechnicalUIUITests.xctest */;
			productType = "com.apple.product-type.bundle.ui-testing";
		};
/* End PBXNativeTarget section */

/* Begin PBXProject section */
		D6FD06A42C46798D00259765 /* Project object */ = {
			isa = PBXProject;
			attributes = {
				BuildIndependentTargetsInParallel = 1;
				LastSwiftUpdateCheck = 1530;
				LastUpgradeCheck = 1530;
				TargetAttributes = {
					D6FD06AB2C46798D00259765 = {
						CreatedOnToolsVersion = 15.3;
					};
					D6FD06BB2C46798F00259765 = {
						CreatedOnToolsVersion = 15.3;
						TestTargetID = D6FD06AB2C46798D00259765;
					};
					D6FD06C52C46798F00259765 = {
						CreatedOnToolsVersion = 15.3;
						TestTargetID = D6FD06AB2C46798D00259765;
					};
				};
			};
			buildConfigurationList = D6FD06A72C46798D00259765 /* Build configuration list for PBXProject "TechnicalUI" */;
			compatibilityVersion = "Xcode 14.0";
			developmentRegion = en;
			hasScannedForEncodings = 0;
			knownRegions = (
				en,
				Base,
			);
			mainGroup = D6FD06A32C46798D00259765;
			productRefGroup = D6FD06AD2C46798D00259765 /* Products */;
			projectDirPath = "";
			projectRoot = "";
			targets = (
				D6FD06AB2C46798D00259765 /* TechnicalUI */,
				D6FD06BB2C46798F00259765 /* TechnicalUITests */,
				D6FD06C52C46798F00259765 /* TechnicalUIUITests */,
			);
		};
/* End PBXProject section */

/* Begin PBXResourcesBuildPhase section */
		D6FD06AA2C46798D00259765 /* Resources */ = {
			isa = PBXResourcesBuildPhase;
			buildActionMask = 2147483647;
			files = (
				D6FD06B72C46798F00259765 /* Preview Assets.xcassets in Resources */,
				D6FD06B42C46798F00259765 /* Assets.xcassets in Resources */,
			);
			runOnlyForDeploymentPostprocessing = 0;
		};
		D6FD06BA2C46798F00259765 /* Resources */ = {
			isa = PBXResourcesBuildPhase;
			buildActionMask = 2147483647;
			files = (
			);
			runOnlyForDeploymentPostprocessing = 0;
		};
		D6FD06C42C46798F00259765 /* Resources */ = {
			isa = PBXResourcesBuildPhase;
			buildActionMask = 2147483647;
			files = (
			);
			runOnlyForDeploymentPostprocessing = 0;
		};
/* End PBXResourcesBuildPhase section */

/* Begin PBXSourcesBuildPhase section */
		D6FD06A82C46798D00259765 /* Sources */ = {
			isa = PBXSourcesBuildPhase;
			buildActionMask = 2147483647;
			files = (
				D62BF75F2C51385C0036E8DC /* GeomertyReaderView.swift in Sources */,
				D6FD06E02C46821400259765 /* View.swift in Sources */,
				D6FD06B22C46798D00259765 /* ContentView.swift in Sources */,
				D6FD06E52C4685F600259765 /* ForEachView.swift in Sources */,
				D6FD06B02C46798D00259765 /* TechnicalUIApp.swift in Sources */,
				D62BF7622C54F44E0036E8DC /* DragGestureView.swift in Sources */,
			);
			runOnlyForDeploymentPostprocessing = 0;
		};
		D6FD06B82C46798F00259765 /* Sources */ = {
			isa = PBXSourcesBuildPhase;
			buildActionMask = 2147483647;
			files = (
				D6FD06C12C46798F00259765 /* TechnicalUITests.swift in Sources */,
			);
			runOnlyForDeploymentPostprocessing = 0;
		};
		D6FD06C22C46798F00259765 /* Sources */ = {
			isa = PBXSourcesBuildPhase;
			buildActionMask = 2147483647;
			files = (
				D6FD06CD2C46798F00259765 /* TechnicalUIUITestsLaunchTests.swift in Sources */,
				D6FD06CB2C46798F00259765 /* TechnicalUIUITests.swift in Sources */,
			);
			runOnlyForDeploymentPostprocessing = 0;
		};
/* End PBXSourcesBuildPhase section */

/* Begin PBXTargetDependency section */
		D6FD06BE2C46798F00259765 /* PBXTargetDependency */ = {
			isa = PBXTargetDependency;
			target = D6FD06AB2C46798D00259765 /* TechnicalUI */;
			targetProxy = D6FD06BD2C46798F00259765 /* PBXContainerItemProxy */;
		};
		D6FD06C82C46798F00259765 /* PBXTargetDependency */ = {
			isa = PBXTargetDependency;
			target = D6FD06AB2C46798D00259765 /* TechnicalUI */;
			targetProxy = D6FD06C72C46798F00259765 /* PBXContainerItemProxy */;
		};
/* End PBXTargetDependency section */

/* Begin XCBuildConfiguration section */
		D6FD06CE2C46798F00259765 /* Debug */ = {
			isa = XCBuildConfiguration;
			buildSettings = {
				ALWAYS_SEARCH_USER_PATHS = NO;
				ASSETCATALOG_COMPILER_GENERATE_SWIFT_ASSET_SYMBOL_EXTENSIONS = YES;
				CLANG_ANALYZER_NONNULL = YES;
				CLANG_ANALYZER_NUMBER_OBJECT_CONVERSION = YES_AGGRESSIVE;
				CLANG_CXX_LANGUAGE_STANDARD = "gnu++20";
				CLANG_ENABLE_MODULES = YES;
				CLANG_ENABLE_OBJC_ARC = YES;
				CLANG_ENABLE_OBJC_WEAK = YES;
				CLANG_WARN_BLOCK_CAPTURE_AUTORELEASING = YES;
				CLANG_WARN_BOOL_CONVERSION = YES;
				CLANG_WARN_COMMA = YES;
				CLANG_WARN_CONSTANT_CONVERSION = YES;
				CLANG_WARN_DEPRECATED_OBJC_IMPLEMENTATIONS = YES;
				CLANG_WARN_DIRECT_OBJC_ISA_USAGE = YES_ERROR;
				CLANG_WARN_DOCUMENTATION_COMMENTS = YES;
				CLANG_WARN_EMPTY_BODY = YES;
				CLANG_WARN_ENUM_CONVERSION = YES;
				CLANG_WARN_INFINITE_RECURSION = YES;
				CLANG_WARN_INT_CONVERSION = YES;
				CLANG_WARN_NON_LITERAL_NULL_CONVERSION = YES;
				CLANG_WARN_OBJC_IMPLICIT_RETAIN_SELF = YES;
				CLANG_WARN_OBJC_LITERAL_CONVERSION = YES;
				CLANG_WARN_OBJC_ROOT_CLASS = YES_ERROR;
				CLANG_WARN_QUOTED_INCLUDE_IN_FRAMEWORK_HEADER = YES;
				CLANG_WARN_RANGE_LOOP_ANALYSIS = YES;
				CLANG_WARN_STRICT_PROTOTYPES = YES;
				CLANG_WARN_SUSPICIOUS_MOVE = YES;
				CLANG_WARN_UNGUARDED_AVAILABILITY = YES_AGGRESSIVE;
				CLANG_WARN_UNREACHABLE_CODE = YES;
				CLANG_WARN__DUPLICATE_METHOD_MATCH = YES;
				COPY_PHASE_STRIP = NO;
				DEBUG_INFORMATION_FORMAT = dwarf;
				ENABLE_STRICT_OBJC_MSGSEND = YES;
				ENABLE_TESTABILITY = YES;
				ENABLE_USER_SCRIPT_SANDBOXING = YES;
				GCC_C_LANGUAGE_STANDARD = gnu17;
				GCC_DYNAMIC_NO_PIC = NO;
				GCC_NO_COMMON_BLOCKS = YES;
				GCC_OPTIMIZATION_LEVEL = 0;
				GCC_PREPROCESSOR_DEFINITIONS = (
					"DEBUG=1",
					"$(inherited)",
				);
				GCC_WARN_64_TO_32_BIT_CONVERSION = YES;
				GCC_WARN_ABOUT_RETURN_TYPE = YES_ERROR;
				GCC_WARN_UNDECLARED_SELECTOR = YES;
				GCC_WARN_UNINITIALIZED_AUTOS = YES_AGGRESSIVE;
				GCC_WARN_UNUSED_FUNCTION = YES;
				GCC_WARN_UNUSED_VARIABLE = YES;
				IPHONEOS_DEPLOYMENT_TARGET = 17.4;
				LOCALIZATION_PREFERS_STRING_CATALOGS = YES;
				MTL_ENABLE_DEBUG_INFO = INCLUDE_SOURCE;
				MTL_FAST_MATH = YES;
				ONLY_ACTIVE_ARCH = YES;
				SDKROOT = iphoneos;
				SWIFT_ACTIVE_COMPILATION_CONDITIONS = "DEBUG $(inherited)";
				SWIFT_OPTIMIZATION_LEVEL = "-Onone";
			};
			name = Debug;
		};
		D6FD06CF2C46798F00259765 /* Release */ = {
			isa = XCBuildConfiguration;
			buildSettings = {
				ALWAYS_SEARCH_USER_PATHS = NO;
				ASSETCATALOG_COMPILER_GENERATE_SWIFT_ASSET_SYMBOL_EXTENSIONS = YES;
				CLANG_ANALYZER_NONNULL = YES;
				CLANG_ANALYZER_NUMBER_OBJECT_CONVERSION = YES_AGGRESSIVE;
				CLANG_CXX_LANGUAGE_STANDARD = "gnu++20";
				CLANG_ENABLE_MODULES = YES;
				CLANG_ENABLE_OBJC_ARC = YES;
				CLANG_ENABLE_OBJC_WEAK = YES;
				CLANG_WARN_BLOCK_CAPTURE_AUTORELEASING = YES;
				CLANG_WARN_BOOL_CONVERSION = YES;
				CLANG_WARN_COMMA = YES;
				CLANG_WARN_CONSTANT_CONVERSION = YES;
				CLANG_WARN_DEPRECATED_OBJC_IMPLEMENTATIONS = YES;
				CLANG_WARN_DIRECT_OBJC_ISA_USAGE = YES_ERROR;
				CLANG_WARN_DOCUMENTATION_COMMENTS = YES;
				CLANG_WARN_EMPTY_BODY = YES;
				CLANG_WARN_ENUM_CONVERSION = YES;
				CLANG_WARN_INFINITE_RECURSION = YES;
				CLANG_WARN_INT_CONVERSION = YES;
				CLANG_WARN_NON_LITERAL_NULL_CONVERSION = YES;
				CLANG_WARN_OBJC_IMPLICIT_RETAIN_SELF = YES;
				CLANG_WARN_OBJC_LITERAL_CONVERSION = YES;
				CLANG_WARN_OBJC_ROOT_CLASS = YES_ERROR;
				CLANG_WARN_QUOTED_INCLUDE_IN_FRAMEWORK_HEADER = YES;
				CLANG_WARN_RANGE_LOOP_ANALYSIS = YES;
				CLANG_WARN_STRICT_PROTOTYPES = YES;
				CLANG_WARN_SUSPICIOUS_MOVE = YES;
				CLANG_WARN_UNGUARDED_AVAILABILITY = YES_AGGRESSIVE;
				CLANG_WARN_UNREACHABLE_CODE = YES;
				CLANG_WARN__DUPLICATE_METHOD_MATCH = YES;
				COPY_PHASE_STRIP = NO;
				DEBUG_INFORMATION_FORMAT = "dwarf-with-dsym";
				ENABLE_NS_ASSERTIONS = NO;
				ENABLE_STRICT_OBJC_MSGSEND = YES;
				ENABLE_USER_SCRIPT_SANDBOXING = YES;
				GCC_C_LANGUAGE_STANDARD = gnu17;
				GCC_NO_COMMON_BLOCKS = YES;
				GCC_WARN_64_TO_32_BIT_CONVERSION = YES;
				GCC_WARN_ABOUT_RETURN_TYPE = YES_ERROR;
				GCC_WARN_UNDECLARED_SELECTOR = YES;
				GCC_WARN_UNINITIALIZED_AUTOS = YES_AGGRESSIVE;
				GCC_WARN_UNUSED_FUNCTION = YES;
				GCC_WARN_UNUSED_VARIABLE = YES;
				IPHONEOS_DEPLOYMENT_TARGET = 17.4;
				LOCALIZATION_PREFERS_STRING_CATALOGS = YES;
				MTL_ENABLE_DEBUG_INFO = NO;
				MTL_FAST_MATH = YES;
				SDKROOT = iphoneos;
				SWIFT_COMPILATION_MODE = wholemodule;
				VALIDATE_PRODUCT = YES;
			};
			name = Release;
		};
		D6FD06D12C46798F00259765 /* Debug */ = {
			isa = XCBuildConfiguration;
			buildSettings = {
				ASSETCATALOG_COMPILER_APPICON_NAME = AppIcon;
				ASSETCATALOG_COMPILER_GLOBAL_ACCENT_COLOR_NAME = AccentColor;
				CODE_SIGN_STYLE = Automatic;
				CURRENT_PROJECT_VERSION = 1;
				DEVELOPMENT_ASSET_PATHS = "\"TechnicalUI/Preview Content\"";
				DEVELOPMENT_TEAM = N676ZFA7W8;
				ENABLE_PREVIEWS = YES;
				GENERATE_INFOPLIST_FILE = YES;
				INFOPLIST_KEY_UIApplicationSceneManifest_Generation = YES;
				INFOPLIST_KEY_UIApplicationSupportsIndirectInputEvents = YES;
				INFOPLIST_KEY_UILaunchScreen_Generation = YES;
				INFOPLIST_KEY_UISupportedInterfaceOrientations_iPad = "UIInterfaceOrientationPortrait UIInterfaceOrientationPortraitUpsideDown UIInterfaceOrientationLandscapeLeft UIInterfaceOrientationLandscapeRight";
				INFOPLIST_KEY_UISupportedInterfaceOrientations_iPhone = "UIInterfaceOrientationPortrait UIInterfaceOrientationLandscapeLeft UIInterfaceOrientationLandscapeRight";
				IPHONEOS_DEPLOYMENT_TARGET = 16.0;
				LD_RUNPATH_SEARCH_PATHS = (
					"$(inherited)",
					"@executable_path/Frameworks",
				);
				MARKETING_VERSION = 1.0;
				PRODUCT_BUNDLE_IDENTIFIER = quarang.TechnicalUI;
				PRODUCT_NAME = "$(TARGET_NAME)";
				SWIFT_EMIT_LOC_STRINGS = YES;
				SWIFT_VERSION = 5.0;
				TARGETED_DEVICE_FAMILY = "1,2";
			};
			name = Debug;
		};
		D6FD06D22C46798F00259765 /* Release */ = {
			isa = XCBuildConfiguration;
			buildSettings = {
				ASSETCATALOG_COMPILER_APPICON_NAME = AppIcon;
				ASSETCATALOG_COMPILER_GLOBAL_ACCENT_COLOR_NAME = AccentColor;
				CODE_SIGN_STYLE = Automatic;
				CURRENT_PROJECT_VERSION = 1;
				DEVELOPMENT_ASSET_PATHS = "\"TechnicalUI/Preview Content\"";
				DEVELOPMENT_TEAM = N676ZFA7W8;
				ENABLE_PREVIEWS = YES;
				GENERATE_INFOPLIST_FILE = YES;
				INFOPLIST_KEY_UIApplicationSceneManifest_Generation = YES;
				INFOPLIST_KEY_UIApplicationSupportsIndirectInputEvents = YES;
				INFOPLIST_KEY_UILaunchScreen_Generation = YES;
				INFOPLIST_KEY_UISupportedInterfaceOrientations_iPad = "UIInterfaceOrientationPortrait UIInterfaceOrientationPortraitUpsideDown UIInterfaceOrientationLandscapeLeft UIInterfaceOrientationLandscapeRight";
				INFOPLIST_KEY_UISupportedInterfaceOrientations_iPhone = "UIInterfaceOrientationPortrait UIInterfaceOrientationLandscapeLeft UIInterfaceOrientationLandscapeRight";
				IPHONEOS_DEPLOYMENT_TARGET = 16.0;
				LD_RUNPATH_SEARCH_PATHS = (
					"$(inherited)",
					"@executable_path/Frameworks",
				);
				MARKETING_VERSION = 1.0;
				PRODUCT_BUNDLE_IDENTIFIER = quarang.TechnicalUI;
				PRODUCT_NAME = "$(TARGET_NAME)";
				SWIFT_EMIT_LOC_STRINGS = YES;
				SWIFT_VERSION = 5.0;
				TARGETED_DEVICE_FAMILY = "1,2";
			};
			name = Release;
		};
		D6FD06D42C46798F00259765 /* Debug */ = {
			isa = XCBuildConfiguration;
			buildSettings = {
				ALWAYS_EMBED_SWIFT_STANDARD_LIBRARIES = YES;
				BUNDLE_LOADER = "$(TEST_HOST)";
				CODE_SIGN_STYLE = Automatic;
				CURRENT_PROJECT_VERSION = 1;
				DEVELOPMENT_TEAM = N676ZFA7W8;
				GENERATE_INFOPLIST_FILE = YES;
				IPHONEOS_DEPLOYMENT_TARGET = 17.4;
				MARKETING_VERSION = 1.0;
				PRODUCT_BUNDLE_IDENTIFIER = quarang.TechnicalUITests;
				PRODUCT_NAME = "$(TARGET_NAME)";
				SWIFT_EMIT_LOC_STRINGS = NO;
				SWIFT_VERSION = 5.0;
				TARGETED_DEVICE_FAMILY = "1,2";
				TEST_HOST = "$(BUILT_PRODUCTS_DIR)/TechnicalUI.app/$(BUNDLE_EXECUTABLE_FOLDER_PATH)/TechnicalUI";
			};
			name = Debug;
		};
		D6FD06D52C46798F00259765 /* Release */ = {
			isa = XCBuildConfiguration;
			buildSettings = {
				ALWAYS_EMBED_SWIFT_STANDARD_LIBRARIES = YES;
				BUNDLE_LOADER = "$(TEST_HOST)";
				CODE_SIGN_STYLE = Automatic;
				CURRENT_PROJECT_VERSION = 1;
				DEVELOPMENT_TEAM = N676ZFA7W8;
				GENERATE_INFOPLIST_FILE = YES;
				IPHONEOS_DEPLOYMENT_TARGET = 17.4;
				MARKETING_VERSION = 1.0;
				PRODUCT_BUNDLE_IDENTIFIER = quarang.TechnicalUITests;
				PRODUCT_NAME = "$(TARGET_NAME)";
				SWIFT_EMIT_LOC_STRINGS = NO;
				SWIFT_VERSION = 5.0;
				TARGETED_DEVICE_FAMILY = "1,2";
				TEST_HOST = "$(BUILT_PRODUCTS_DIR)/TechnicalUI.app/$(BUNDLE_EXECUTABLE_FOLDER_PATH)/TechnicalUI";
			};
			name = Release;
		};
		D6FD06D72C46798F00259765 /* Debug */ = {
			isa = XCBuildConfiguration;
			buildSettings = {
				ALWAYS_EMBED_SWIFT_STANDARD_LIBRARIES = YES;
				CODE_SIGN_STYLE = Automatic;
				CURRENT_PROJECT_VERSION = 1;
				DEVELOPMENT_TEAM = N676ZFA7W8;
				GENERATE_INFOPLIST_FILE = YES;
				MARKETING_VERSION = 1.0;
				PRODUCT_BUNDLE_IDENTIFIER = quarang.TechnicalUIUITests;
				PRODUCT_NAME = "$(TARGET_NAME)";
				SWIFT_EMIT_LOC_STRINGS = NO;
				SWIFT_VERSION = 5.0;
				TARGETED_DEVICE_FAMILY = "1,2";
				TEST_TARGET_NAME = TechnicalUI;
			};
			name = Debug;
		};
		D6FD06D82C46798F00259765 /* Release */ = {
			isa = XCBuildConfiguration;
			buildSettings = {
				ALWAYS_EMBED_SWIFT_STANDARD_LIBRARIES = YES;
				CODE_SIGN_STYLE = Automatic;
				CURRENT_PROJECT_VERSION = 1;
				DEVELOPMENT_TEAM = N676ZFA7W8;
				GENERATE_INFOPLIST_FILE = YES;
				MARKETING_VERSION = 1.0;
				PRODUCT_BUNDLE_IDENTIFIER = quarang.TechnicalUIUITests;
				PRODUCT_NAME = "$(TARGET_NAME)";
				SWIFT_EMIT_LOC_STRINGS = NO;
				SWIFT_VERSION = 5.0;
				TARGETED_DEVICE_FAMILY = "1,2";
				TEST_TARGET_NAME = TechnicalUI;
			};
			name = Release;
		};
/* End XCBuildConfiguration section */

/* Begin XCConfigurationList section */
		D6FD06A72C46798D00259765 /* Build configuration list for PBXProject "TechnicalUI" */ = {
			isa = XCConfigurationList;
			buildConfigurations = (
				D6FD06CE2C46798F00259765 /* Debug */,
				D6FD06CF2C46798F00259765 /* Release */,
			);
			defaultConfigurationIsVisible = 0;
			defaultConfigurationName = Release;
		};
		D6FD06D02C46798F00259765 /* Build configuration list for PBXNativeTarget "TechnicalUI" */ = {
			isa = XCConfigurationList;
			buildConfigurations = (
				D6FD06D12C46798F00259765 /* Debug */,
				D6FD06D22C46798F00259765 /* Release */,
			);
			defaultConfigurationIsVisible = 0;
			defaultConfigurationName = Release;
		};
		D6FD06D32C46798F00259765 /* Build configuration list for PBXNativeTarget "TechnicalUITests" */ = {
			isa = XCConfigurationList;
			buildConfigurations = (
				D6FD06D42C46798F00259765 /* Debug */,
				D6FD06D52C46798F00259765 /* Release */,
			);
			defaultConfigurationIsVisible = 0;
			defaultConfigurationName = Release;
		};
		D6FD06D62C46798F00259765 /* Build configuration list for PBXNativeTarget "TechnicalUIUITests" */ = {
			isa = XCConfigurationList;
			buildConfigurations = (
				D6FD06D72C46798F00259765 /* Debug */,
				D6FD06D82C46798F00259765 /* Release */,
			);
			defaultConfigurationIsVisible = 0;
			defaultConfigurationName = Release;
		};
/* End XCConfigurationList section */
	};
	rootObject = D6FD06A42C46798D00259765 /* Project object */;
}
